
Microsoft Visual Studio Solution File, Format Version 12.00
# Visual Studio Version 16
VisualStudioVersion = 16.0.32929.386
MinimumVisualStudioVersion = 10.0.40219.1
Project("{FAE04EC0-301F-11D3-BF4B-00C04F79EFBC}") = "Blogs", "Blogs.csproj", "{5CF4E489-6A1E-4236-8F16-EA376C678935}"
EndProject
Global
	GlobalSection(SolutionConfigurationPlatforms) = preSolution
		Debug|Any CPU = Debug|Any CPU
		Release|Any CPU = Release|Any CPU
	EndGlobalSection
	GlobalSection(ProjectConfigurationPlatforms) = postSolution
		{5CF4E489-6A1E-4236-8F16-EA376C678935}.Debug|Any CPU.ActiveCfg = Debug|Any CPU
		{5CF4E489-6A1E-4236-8F16-EA376C678935}.Debug|Any CPU.Build.0 = Debug|Any CPU
		{5CF4E489-6A1E-4236-8F16-EA376C678935}.Release|Any CPU.ActiveCfg = Release|Any CPU
		{5CF4E489-6A1E-4236-8F16-EA376C678935}.Release|Any CPU.Build.0 = Release|Any CPU
	EndGlobalSection
	GlobalSection(SolutionProperties) = preSolution
		HideSolutionNode = FALSE
	EndGlobalSection
	GlobalSection(ExtensibilityGlobals) = postSolution
		SolutionGuid = {130F7EE7-36D6-4546-B8D0-F8605E01D988}
	EndGlobalSection
EndGlobal
